
Microsoft Visual Studio Solution File, Format Version 12.00
# Visual Studio Version 16
VisualStudioVersion = 16.0.29230.47
MinimumVisualStudioVersion = 10.0.40219.1
Project("{FAE04EC0-301F-11D3-BF4B-00C04F79EFBC}") = "FirstTask", "FirstTask\FirstTask.csproj", "{8064E3EC-30BF-4429-AB72-FB09CCF5DAD5}"
EndProject
Project("{FAE04EC0-301F-11D3-BF4B-00C04F79EFBC}") = "ClassLibrary", "ClassLibrary\ClassLibrary.csproj", "{226F9742-07AA-4AA3-8A08-542D4D25FE4C}"
EndProject
Global
	GlobalSection(SolutionConfigurationPlatforms) = preSolution
		Debug|Any CPU = Debug|Any CPU
		Release|Any CPU = Release|Any CPU
	EndGlobalSection
	GlobalSection(ProjectConfigurationPlatforms) = postSolution
		{8064E3EC-30BF-4429-AB72-FB09CCF5DAD5}.Debug|Any CPU.ActiveCfg = Debug|Any CPU
		{8064E3EC-30BF-4429-AB72-FB09CCF5DAD5}.Debug|Any CPU.Build.0 = Debug|Any CPU
		{8064E3EC-30BF-4429-AB72-FB09CCF5DAD5}.Release|Any CPU.ActiveCfg = Release|Any CPU
		{8064E3EC-30BF-4429-AB72-FB09CCF5DAD5}.Release|Any CPU.Build.0 = Release|Any CPU
		{226F9742-07AA-4AA3-8A08-542D4D25FE4C}.Debug|Any CPU.ActiveCfg = Debug|Any CPU
		{226F9742-07AA-4AA3-8A08-542D4D25FE4C}.Debug|Any CPU.Build.0 = Debug|Any CPU
		{226F9742-07AA-4AA3-8A08-542D4D25FE4C}.Release|Any CPU.ActiveCfg = Release|Any CPU
		{226F9742-07AA-4AA3-8A08-542D4D25FE4C}.Release|Any CPU.Build.0 = Release|Any CPU
	EndGlobalSection
	GlobalSection(SolutionProperties) = preSolution
		HideSolutionNode = FALSE
	EndGlobalSection
	GlobalSection(ExtensibilityGlobals) = postSolution
		SolutionGuid = {607CCA40-23C9-4D7F-AE0F-5806412C3EE7}
	EndGlobalSection
EndGlobal
